
Microsoft Visual Studio Solution File, Format Version 12.00
# Visual Studio Version 16
VisualStudioVersion = 16.0.29102.190
MinimumVisualStudioVersion = 10.0.40219.1
Project("{8BC9CEB8-8B4A-11D0-8D11-00A0C91BC942}") = "SDL_Platformer", "SDL_Platformer\SDL_Platformer.vcxproj", "{F7E69B31-347E-47EF-B5D3-713DD5DD4AA9}"
EndProject
Global
	GlobalSection(SolutionConfigurationPlatforms) = preSolution
		Debug|x64 = Debug|x64
		Release|x64 = Release|x64
	EndGlobalSection
	GlobalSection(ProjectConfigurationPlatforms) = postSolution
		{F7E69B31-347E-47EF-B5D3-713DD5DD4AA9}.Debug|x64.ActiveCfg = Debug|x64
		{F7E69B31-347E-47EF-B5D3-713DD5DD4AA9}.Debug|x64.Build.0 = Debug|x64
		{F7E69B31-347E-47EF-B5D3-713DD5DD4AA9}.Release|x64.ActiveCfg = Release|x64
		{F7E69B31-347E-47EF-B5D3-713DD5DD4AA9}.Release|x64.Build.0 = Release|x64
	EndGlobalSection
	GlobalSection(SolutionProperties) = preSolution
		HideSolutionNode = FALSE
	EndGlobalSection
	GlobalSection(ExtensibilityGlobals) = postSolution
		SolutionGuid = {E7EBC906-A1DE-4B65-8E52-ABFF34520BFE}
	EndGlobalSection
EndGlobal
